
Microsoft Visual Studio Solution File, Format Version 12.00
# Visual Studio Version 17
VisualStudioVersion = 17.6.33829.357
MinimumVisualStudioVersion = 10.0.40219.1
Project("{8BC9CEB8-8B4A-11D0-8D11-00A0C91BC942}") = "LinkedList", "LinkedList\LinkedList.vcxproj", "{019EB6A0-BD17-4C1E-9EC5-0FA2CED1F268}"
EndProject
Global
	GlobalSection(SolutionConfigurationPlatforms) = preSolution
		Debug|x64 = Debug|x64
		Debug|x86 = Debug|x86
		Release|x64 = Release|x64
		Release|x86 = Release|x86
	EndGlobalSection
	GlobalSection(ProjectConfigurationPlatforms) = postSolution
		{019EB6A0-BD17-4C1E-9EC5-0FA2CED1F268}.Debug|x64.ActiveCfg = Debug|x64
		{019EB6A0-BD17-4C1E-9EC5-0FA2CED1F268}.Debug|x64.Build.0 = Debug|x64
		{019EB6A0-BD17-4C1E-9EC5-0FA2CED1F268}.Debug|x86.ActiveCfg = Debug|Win32
		{019EB6A0-BD17-4C1E-9EC5-0FA2CED1F268}.Debug|x86.Build.0 = Debug|Win32
		{019EB6A0-BD17-4C1E-9EC5-0FA2CED1F268}.Release|x64.ActiveCfg = Release|x64
		{019EB6A0-BD17-4C1E-9EC5-0FA2CED1F268}.Release|x64.Build.0 = Release|x64
		{019EB6A0-BD17-4C1E-9EC5-0FA2CED1F268}.Release|x86.ActiveCfg = Release|Win32
		{019EB6A0-BD17-4C1E-9EC5-0FA2CED1F268}.Release|x86.Build.0 = Release|Win32
	EndGlobalSection
	GlobalSection(SolutionProperties) = preSolution
		HideSolutionNode = FALSE
	EndGlobalSection
	GlobalSection(ExtensibilityGlobals) = postSolution
		SolutionGuid = {805AE824-82BA-40E4-A4A3-CD3476D5FE01}
	EndGlobalSection
EndGlobal
